// !$*UTF8*$!
{
	archiveVersion = 1;
	classes = {
	};
	objectVersion = 48;
	objects = {

/* Begin PBXBuildFile section */
		545F2AB41FEC2752007EBECB /* AppDelegate.swift in Sources */ = {isa = PBXBuildFile; fileRef = 545F2AB31FEC2752007EBECB /* AppDelegate.swift */; };
		545F2AB91FEC2752007EBECB /* Main.storyboard in Resources */ = {isa = PBXBuildFile; fileRef = 545F2AB71FEC2752007EBECB /* Main.storyboard */; };
		545F2ABB1FEC2752007EBECB /* Assets.xcassets in Resources */ = {isa = PBXBuildFile; fileRef = 545F2ABA1FEC2752007EBECB /* Assets.xcassets */; };
		545F2ABE1FEC2752007EBECB /* LaunchScreen.storyboard in Resources */ = {isa = PBXBuildFile; fileRef = 545F2ABC1FEC2752007EBECB /* LaunchScreen.storyboard */; };
		9324E73A1FED5AA000B27241 /* GameViewController.swift in Sources */ = {isa = PBXBuildFile; fileRef = 9324E7391FED5AA000B27241 /* GameViewController.swift */; };
		9324E73C1FED5AA800B27241 /* HistoryViewController.swift in Sources */ = {isa = PBXBuildFile; fileRef = 9324E73B1FED5AA800B27241 /* HistoryViewController.swift */; };
		9324E73F1FED5B2200B27241 /* NetworkHelper.swift in Sources */ = {isa = PBXBuildFile; fileRef = 9324E73E1FED5B2200B27241 /* NetworkHelper.swift */; };
		9324E7411FED5B3500B27241 /* ImageAPIClient.swift in Sources */ = {isa = PBXBuildFile; fileRef = 9324E7401FED5B3500B27241 /* ImageAPIClient.swift */; };
		9324E7431FED5CB700B27241 /* NewDeckAPIClient.swift in Sources */ = {isa = PBXBuildFile; fileRef = 9324E7421FED5CB700B27241 /* NewDeckAPIClient.swift */; };
		9324E7451FED5CC400B27241 /* DrawCardAPIClient.swift in Sources */ = {isa = PBXBuildFile; fileRef = 9324E7441FED5CC400B27241 /* DrawCardAPIClient.swift */; };
		9324E7481FED5CE100B27241 /* NewDeck.swift in Sources */ = {isa = PBXBuildFile; fileRef = 9324E7471FED5CE100B27241 /* NewDeck.swift */; };
		9324E74A1FED5CEA00B27241 /* DrawCard.swift in Sources */ = {isa = PBXBuildFile; fileRef = 9324E7491FED5CEA00B27241 /* DrawCard.swift */; };
		9324E74D1FED626B00B27241 /* AppError.swift in Sources */ = {isa = PBXBuildFile; fileRef = 9324E74C1FED626B00B27241 /* AppError.swift */; };
		9324E74F1FED63B700B27241 /* UserDefaultHelper.swift in Sources */ = {isa = PBXBuildFile; fileRef = 9324E74E1FED63B700B27241 /* UserDefaultHelper.swift */; };
		9324E7511FED650000B27241 /* PersistantStoreManager.swift in Sources */ = {isa = PBXBuildFile; fileRef = 9324E7501FED650000B27241 /* PersistantStoreManager.swift */; };
		9324E7531FED68C000B27241 /* Pixabay.xib in Resources */ = {isa = PBXBuildFile; fileRef = 9324E7521FED68C000B27241 /* Pixabay.xib */; };
		9324E7551FED690A00B27241 /* PixabayAPIClient.swift in Sources */ = {isa = PBXBuildFile; fileRef = 9324E7541FED690A00B27241 /* PixabayAPIClient.swift */; };
		9324E7571FED6A6400B27241 /* PixabayStuff.swift in Sources */ = {isa = PBXBuildFile; fileRef = 9324E7561FED6A6400B27241 /* PixabayStuff.swift */; };
		9324E75D1FED7D2900B27241 /* CardCollectionViewCell.swift in Sources */ = {isa = PBXBuildFile; fileRef = 9324E75C1FED7D2900B27241 /* CardCollectionViewCell.swift */; };
/* End PBXBuildFile section */

/* Begin PBXFileReference section */
		545F2AB01FEC2752007EBECB /* AC-iOS-MidUnit4Assessment-StudentVersion.app */ = {isa = PBXFileReference; explicitFileType = wrapper.application; includeInIndex = 0; path = "AC-iOS-MidUnit4Assessment-StudentVersion.app"; sourceTree = BUILT_PRODUCTS_DIR; };
		545F2AB31FEC2752007EBECB /* AppDelegate.swift */ = {isa = PBXFileReference; lastKnownFileType = sourcecode.swift; path = AppDelegate.swift; sourceTree = "<group>"; };
		545F2AB81FEC2752007EBECB /* Base */ = {isa = PBXFileReference; lastKnownFileType = file.storyboard; name = Base; path = Base.lproj/Main.storyboard; sourceTree = "<group>"; };
		545F2ABA1FEC2752007EBECB /* Assets.xcassets */ = {isa = PBXFileReference; lastKnownFileType = folder.assetcatalog; path = Assets.xcassets; sourceTree = "<group>"; };
		545F2ABD1FEC2752007EBECB /* Base */ = {isa = PBXFileReference; lastKnownFileType = file.storyboard; name = Base; path = Base.lproj/LaunchScreen.storyboard; sourceTree = "<group>"; };
		545F2ABF1FEC2752007EBECB /* Info.plist */ = {isa = PBXFileReference; lastKnownFileType = text.plist.xml; path = Info.plist; sourceTree = "<group>"; };
		9324E7391FED5AA000B27241 /* GameViewController.swift */ = {isa = PBXFileReference; lastKnownFileType = sourcecode.swift; path = GameViewController.swift; sourceTree = "<group>"; };
		9324E73B1FED5AA800B27241 /* HistoryViewController.swift */ = {isa = PBXFileReference; lastKnownFileType = sourcecode.swift; path = HistoryViewController.swift; sourceTree = "<group>"; };
		9324E73E1FED5B2200B27241 /* NetworkHelper.swift */ = {isa = PBXFileReference; lastKnownFileType = sourcecode.swift; path = NetworkHelper.swift; sourceTree = "<group>"; };
		9324E7401FED5B3500B27241 /* ImageAPIClient.swift */ = {isa = PBXFileReference; lastKnownFileType = sourcecode.swift; path = ImageAPIClient.swift; sourceTree = "<group>"; };
		9324E7421FED5CB700B27241 /* NewDeckAPIClient.swift */ = {isa = PBXFileReference; lastKnownFileType = sourcecode.swift; path = NewDeckAPIClient.swift; sourceTree = "<group>"; };
		9324E7441FED5CC400B27241 /* DrawCardAPIClient.swift */ = {isa = PBXFileReference; lastKnownFileType = sourcecode.swift; path = DrawCardAPIClient.swift; sourceTree = "<group>"; };
		9324E7471FED5CE100B27241 /* NewDeck.swift */ = {isa = PBXFileReference; lastKnownFileType = sourcecode.swift; path = NewDeck.swift; sourceTree = "<group>"; };
		9324E7491FED5CEA00B27241 /* DrawCard.swift */ = {isa = PBXFileReference; lastKnownFileType = sourcecode.swift; path = DrawCard.swift; sourceTree = "<group>"; };
		9324E74C1FED626B00B27241 /* AppError.swift */ = {isa = PBXFileReference; lastKnownFileType = sourcecode.swift; path = AppError.swift; sourceTree = "<group>"; };
		9324E74E1FED63B700B27241 /* UserDefaultHelper.swift */ = {isa = PBXFileReference; lastKnownFileType = sourcecode.swift; path = UserDefaultHelper.swift; sourceTree = "<group>"; };
		9324E7501FED650000B27241 /* PersistantStoreManager.swift */ = {isa = PBXFileReference; lastKnownFileType = sourcecode.swift; path = PersistantStoreManager.swift; sourceTree = "<group>"; };
		9324E7521FED68C000B27241 /* Pixabay.xib */ = {isa = PBXFileReference; lastKnownFileType = file.xib; path = Pixabay.xib; sourceTree = "<group>"; };
		9324E7541FED690A00B27241 /* PixabayAPIClient.swift */ = {isa = PBXFileReference; lastKnownFileType = sourcecode.swift; path = PixabayAPIClient.swift; sourceTree = "<group>"; };
		9324E7561FED6A6400B27241 /* PixabayStuff.swift */ = {isa = PBXFileReference; lastKnownFileType = sourcecode.swift; path = PixabayStuff.swift; sourceTree = "<group>"; };
		9324E75C1FED7D2900B27241 /* CardCollectionViewCell.swift */ = {isa = PBXFileReference; lastKnownFileType = sourcecode.swift; path = CardCollectionViewCell.swift; sourceTree = "<group>"; };
/* End PBXFileReference section */

/* Begin PBXFrameworksBuildPhase section */
		545F2AAD1FEC2752007EBECB /* Frameworks */ = {
			isa = PBXFrameworksBuildPhase;
			buildActionMask = 2147483647;
			files = (
			);
			runOnlyForDeploymentPostprocessing = 0;
		};
/* End PBXFrameworksBuildPhase section */

/* Begin PBXGroup section */
		545F2AA71FEC2752007EBECB = {
			isa = PBXGroup;
			children = (
				545F2AB21FEC2752007EBECB /* AC-iOS-MidUnit4Assessment-StudentVersion */,
				545F2AB11FEC2752007EBECB /* Products */,
			);
			sourceTree = "<group>";
		};
		545F2AB11FEC2752007EBECB /* Products */ = {
			isa = PBXGroup;
			children = (
				545F2AB01FEC2752007EBECB /* AC-iOS-MidUnit4Assessment-StudentVersion.app */,
			);
			name = Products;
			sourceTree = "<group>";
		};
		545F2AB21FEC2752007EBECB /* AC-iOS-MidUnit4Assessment-StudentVersion */ = {
			isa = PBXGroup;
			children = (
				9324E7381FED584A00B27241 /* Supporting Files */,
				545F2AB71FEC2752007EBECB /* Main.storyboard */,
				9324E74B1FED5CEF00B27241 /* Models */,
				9324E7461FED5CCE00B27241 /* App Helpers */,
				9324E73D1FED5AAE00B27241 /* View Controllers */,
				545F2ABF1FEC2752007EBECB /* Info.plist */,
			);
			path = "AC-iOS-MidUnit4Assessment-StudentVersion";
			sourceTree = "<group>";
		};
		9324E7381FED584A00B27241 /* Supporting Files */ = {
			isa = PBXGroup;
			children = (
				545F2AB31FEC2752007EBECB /* AppDelegate.swift */,
				545F2ABA1FEC2752007EBECB /* Assets.xcassets */,
				545F2ABC1FEC2752007EBECB /* LaunchScreen.storyboard */,
			);
			path = "Supporting Files";
			sourceTree = "<group>";
		};
		9324E73D1FED5AAE00B27241 /* View Controllers */ = {
			isa = PBXGroup;
			children = (
				9324E7391FED5AA000B27241 /* GameViewController.swift */,
				9324E73B1FED5AA800B27241 /* HistoryViewController.swift */,
				9324E75E1FED7D4300B27241 /* Cells */,
				9324E7561FED6A6400B27241 /* PixabayStuff.swift */,
				9324E7521FED68C000B27241 /* Pixabay.xib */,
			);
			path = "View Controllers";
			sourceTree = "<group>";
		};
		9324E7461FED5CCE00B27241 /* App Helpers */ = {
			isa = PBXGroup;
			children = (
				9324E73E1FED5B2200B27241 /* NetworkHelper.swift */,
				9324E74C1FED626B00B27241 /* AppError.swift */,
				9324E7401FED5B3500B27241 /* ImageAPIClient.swift */,
				9324E7501FED650000B27241 /* PersistantStoreManager.swift */,
				9324E7541FED690A00B27241 /* PixabayAPIClient.swift */,
				9324E7421FED5CB700B27241 /* NewDeckAPIClient.swift */,
				9324E7441FED5CC400B27241 /* DrawCardAPIClient.swift */,
				9324E74E1FED63B700B27241 /* UserDefaultHelper.swift */,
			);
			path = "App Helpers";
			sourceTree = "<group>";
		};
		9324E74B1FED5CEF00B27241 /* Models */ = {
			isa = PBXGroup;
			children = (
				9324E7471FED5CE100B27241 /* NewDeck.swift */,
				9324E7491FED5CEA00B27241 /* DrawCard.swift */,
			);
			path = Models;
			sourceTree = "<group>";
		};
		9324E75E1FED7D4300B27241 /* Cells */ = {
			isa = PBXGroup;
			children = (
				9324E75C1FED7D2900B27241 /* CardCollectionViewCell.swift */,
			);
			path = Cells;
			sourceTree = "<group>";
		};
/* End PBXGroup section */

/* Begin PBXNativeTarget section */
		545F2AAF1FEC2752007EBECB /* AC-iOS-MidUnit4Assessment-StudentVersion */ = {
			isa = PBXNativeTarget;
			buildConfigurationList = 545F2AC21FEC2752007EBECB /* Build configuration list for PBXNativeTarget "AC-iOS-MidUnit4Assessment-StudentVersion" */;
			buildPhases = (
				545F2AAC1FEC2752007EBECB /* Sources */,
				545F2AAD1FEC2752007EBECB /* Frameworks */,
				545F2AAE1FEC2752007EBECB /* Resources */,
			);
			buildRules = (
			);
			dependencies = (
			);
			name = "AC-iOS-MidUnit4Assessment-StudentVersion";
			productName = "AC-iOS-MidUnit4Assessment-StudentVersion";
			productReference = 545F2AB01FEC2752007EBECB /* AC-iOS-MidUnit4Assessment-StudentVersion.app */;
			productType = "com.apple.product-type.application";
		};
/* End PBXNativeTarget section */

/* Begin PBXProject section */
		545F2AA81FEC2752007EBECB /* Project object */ = {
			isa = PBXProject;
			attributes = {
				LastSwiftUpdateCheck = 0920;
				LastUpgradeCheck = 0920;
				ORGANIZATIONNAME = "C4Q ";
				TargetAttributes = {
					545F2AAF1FEC2752007EBECB = {
						CreatedOnToolsVersion = 9.2;
						ProvisioningStyle = Automatic;
					};
				};
			};
			buildConfigurationList = 545F2AAB1FEC2752007EBECB /* Build configuration list for PBXProject "AC-iOS-MidUnit4Assessment-StudentVersion" */;
			compatibilityVersion = "Xcode 8.0";
			developmentRegion = en;
			hasScannedForEncodings = 0;
			knownRegions = (
				en,
				Base,
			);
			mainGroup = 545F2AA71FEC2752007EBECB;
			productRefGroup = 545F2AB11FEC2752007EBECB /* Products */;
			projectDirPath = "";
			projectRoot = "";
			targets = (
				545F2AAF1FEC2752007EBECB /* AC-iOS-MidUnit4Assessment-StudentVersion */,
			);
		};
/* End PBXProject section */

/* Begin PBXResourcesBuildPhase section */
		545F2AAE1FEC2752007EBECB /* Resources */ = {
			isa = PBXResourcesBuildPhase;
			buildActionMask = 2147483647;
			files = (
				545F2ABE1FEC2752007EBECB /* LaunchScreen.storyboard in Resources */,
				545F2ABB1FEC2752007EBECB /* Assets.xcassets in Resources */,
				9324E7531FED68C000B27241 /* Pixabay.xib in Resources */,
				545F2AB91FEC2752007EBECB /* Main.storyboard in Resources */,
			);
			runOnlyForDeploymentPostprocessing = 0;
		};
/* End PBXResourcesBuildPhase section */

/* Begin PBXSourcesBuildPhase section */
		545F2AAC1FEC2752007EBECB /* Sources */ = {
			isa = PBXSourcesBuildPhase;
			buildActionMask = 2147483647;
			files = (
				9324E73F1FED5B2200B27241 /* NetworkHelper.swift in Sources */,
				9324E7481FED5CE100B27241 /* NewDeck.swift in Sources */,
				9324E74D1FED626B00B27241 /* AppError.swift in Sources */,
				9324E74A1FED5CEA00B27241 /* DrawCard.swift in Sources */,
				9324E7511FED650000B27241 /* PersistantStoreManager.swift in Sources */,
				9324E75D1FED7D2900B27241 /* CardCollectionViewCell.swift in Sources */,
				9324E73C1FED5AA800B27241 /* HistoryViewController.swift in Sources */,
				9324E7451FED5CC400B27241 /* DrawCardAPIClient.swift in Sources */,
				9324E73A1FED5AA000B27241 /* GameViewController.swift in Sources */,
				9324E7411FED5B3500B27241 /* ImageAPIClient.swift in Sources */,
				9324E7571FED6A6400B27241 /* PixabayStuff.swift in Sources */,
				9324E74F1FED63B700B27241 /* UserDefaultHelper.swift in Sources */,
				545F2AB41FEC2752007EBECB /* AppDelegate.swift in Sources */,
				9324E7431FED5CB700B27241 /* NewDeckAPIClient.swift in Sources */,
				9324E7551FED690A00B27241 /* PixabayAPIClient.swift in Sources */,
			);
			runOnlyForDeploymentPostprocessing = 0;
		};
/* End PBXSourcesBuildPhase section */

/* Begin PBXVariantGroup section */
		545F2AB71FEC2752007EBECB /* Main.storyboard */ = {
			isa = PBXVariantGroup;
			children = (
				545F2AB81FEC2752007EBECB /* Base */,
			);
			name = Main.storyboard;
			sourceTree = "<group>";
		};
		545F2ABC1FEC2752007EBECB /* LaunchScreen.storyboard */ = {
			isa = PBXVariantGroup;
			children = (
				545F2ABD1FEC2752007EBECB /* Base */,
			);
			name = LaunchScreen.storyboard;
			sourceTree = "<group>";
		};
/* End PBXVariantGroup section */

/* Begin XCBuildConfiguration section */
		545F2AC01FEC2752007EBECB /* Debug */ = {
			isa = XCBuildConfiguration;
			buildSettings = {
				ALWAYS_SEARCH_USER_PATHS = NO;
				CLANG_ANALYZER_NONNULL = YES;
				CLANG_ANALYZER_NUMBER_OBJECT_CONVERSION = YES_AGGRESSIVE;
				CLANG_CXX_LANGUAGE_STANDARD = "gnu++14";
				CLANG_CXX_LIBRARY = "libc++";
				CLANG_ENABLE_MODULES = YES;
				CLANG_ENABLE_OBJC_ARC = YES;
				CLANG_WARN_BLOCK_CAPTURE_AUTORELEASING = YES;
				CLANG_WARN_BOOL_CONVERSION = YES;
				CLANG_WARN_COMMA = YES;
				CLANG_WARN_CONSTANT_CONVERSION = YES;
				CLANG_WARN_DIRECT_OBJC_ISA_USAGE = YES_ERROR;
				CLANG_WARN_DOCUMENTATION_COMMENTS = YES;
				CLANG_WARN_EMPTY_BODY = YES;
				CLANG_WARN_ENUM_CONVERSION = YES;
				CLANG_WARN_INFINITE_RECURSION = YES;
				CLANG_WARN_INT_CONVERSION = YES;
				CLANG_WARN_NON_LITERAL_NULL_CONVERSION = YES;
				CLANG_WARN_OBJC_LITERAL_CONVERSION = YES;
				CLANG_WARN_OBJC_ROOT_CLASS = YES_ERROR;
				CLANG_WARN_RANGE_LOOP_ANALYSIS = YES;
				CLANG_WARN_STRICT_PROTOTYPES = YES;
				CLANG_WARN_SUSPICIOUS_MOVE = YES;
				CLANG_WARN_UNGUARDED_AVAILABILITY = YES_AGGRESSIVE;
				CLANG_WARN_UNREACHABLE_CODE = YES;
				CLANG_WARN__DUPLICATE_METHOD_MATCH = YES;
				CODE_SIGN_IDENTITY = "iPhone Developer";
				COPY_PHASE_STRIP = NO;
				DEBUG_INFORMATION_FORMAT = dwarf;
				ENABLE_STRICT_OBJC_MSGSEND = YES;
				ENABLE_TESTABILITY = YES;
				GCC_C_LANGUAGE_STANDARD = gnu11;
				GCC_DYNAMIC_NO_PIC = NO;
				GCC_NO_COMMON_BLOCKS = YES;
				GCC_OPTIMIZATION_LEVEL = 0;
				GCC_PREPROCESSOR_DEFINITIONS = (
					"DEBUG=1",
					"$(inherited)",
				);
				GCC_WARN_64_TO_32_BIT_CONVERSION = YES;
				GCC_WARN_ABOUT_RETURN_TYPE = YES_ERROR;
				GCC_WARN_UNDECLARED_SELECTOR = YES;
				GCC_WARN_UNINITIALIZED_AUTOS = YES_AGGRESSIVE;
				GCC_WARN_UNUSED_FUNCTION = YES;
				GCC_WARN_UNUSED_VARIABLE = YES;
				IPHONEOS_DEPLOYMENT_TARGET = 11.2;
				MTL_ENABLE_DEBUG_INFO = YES;
				ONLY_ACTIVE_ARCH = YES;
				SDKROOT = iphoneos;
				SWIFT_ACTIVE_COMPILATION_CONDITIONS = DEBUG;
				SWIFT_OPTIMIZATION_LEVEL = "-Onone";
			};
			name = Debug;
		};
		545F2AC11FEC2752007EBECB /* Release */ = {
			isa = XCBuildConfiguration;
			buildSettings = {
				ALWAYS_SEARCH_USER_PATHS = NO;
				CLANG_ANALYZER_NONNULL = YES;
				CLANG_ANALYZER_NUMBER_OBJECT_CONVERSION = YES_AGGRESSIVE;
				CLANG_CXX_LANGUAGE_STANDARD = "gnu++14";
				CLANG_CXX_LIBRARY = "libc++";
				CLANG_ENABLE_MODULES = YES;
				CLANG_ENABLE_OBJC_ARC = YES;
				CLANG_WARN_BLOCK_CAPTURE_AUTORELEASING = YES;
				CLANG_WARN_BOOL_CONVERSION = YES;
				CLANG_WARN_COMMA = YES;
				CLANG_WARN_CONSTANT_CONVERSION = YES;
				CLANG_WARN_DIRECT_OBJC_ISA_USAGE = YES_ERROR;
				CLANG_WARN_DOCUMENTATION_COMMENTS = YES;
				CLANG_WARN_EMPTY_BODY = YES;
				CLANG_WARN_ENUM_CONVERSION = YES;
				CLANG_WARN_INFINITE_RECURSION = YES;
				CLANG_WARN_INT_CONVERSION = YES;
				CLANG_WARN_NON_LITERAL_NULL_CONVERSION = YES;
				CLANG_WARN_OBJC_LITERAL_CONVERSION = YES;
				CLANG_WARN_OBJC_ROOT_CLASS = YES_ERROR;
				CLANG_WARN_RANGE_LOOP_ANALYSIS = YES;
				CLANG_WARN_STRICT_PROTOTYPES = YES;
				CLANG_WARN_SUSPICIOUS_MOVE = YES;
				CLANG_WARN_UNGUARDED_AVAILABILITY = YES_AGGRESSIVE;
				CLANG_WARN_UNREACHABLE_CODE = YES;
				CLANG_WARN__DUPLICATE_METHOD_MATCH = YES;
				CODE_SIGN_IDENTITY = "iPhone Developer";
				COPY_PHASE_STRIP = NO;
				DEBUG_INFORMATION_FORMAT = "dwarf-with-dsym";
				ENABLE_NS_ASSERTIONS = NO;
				ENABLE_STRICT_OBJC_MSGSEND = YES;
				GCC_C_LANGUAGE_STANDARD = gnu11;
				GCC_NO_COMMON_BLOCKS = YES;
				GCC_WARN_64_TO_32_BIT_CONVERSION = YES;
				GCC_WARN_ABOUT_RETURN_TYPE = YES_ERROR;
				GCC_WARN_UNDECLARED_SELECTOR = YES;
				GCC_WARN_UNINITIALIZED_AUTOS = YES_AGGRESSIVE;
				GCC_WARN_UNUSED_FUNCTION = YES;
				GCC_WARN_UNUSED_VARIABLE = YES;
				IPHONEOS_DEPLOYMENT_TARGET = 11.2;
				MTL_ENABLE_DEBUG_INFO = NO;
				SDKROOT = iphoneos;
				SWIFT_OPTIMIZATION_LEVEL = "-Owholemodule";
				VALIDATE_PRODUCT = YES;
			};
			name = Release;
		};
		545F2AC31FEC2752007EBECB /* Debug */ = {
			isa = XCBuildConfiguration;
			buildSettings = {
				ASSETCATALOG_COMPILER_APPICON_NAME = AppIcon;
				CODE_SIGN_STYLE = Automatic;
				INFOPLIST_FILE = "AC-iOS-MidUnit4Assessment-StudentVersion/Info.plist";
				IPHONEOS_DEPLOYMENT_TARGET = 11.0;
				LD_RUNPATH_SEARCH_PATHS = "$(inherited) @executable_path/Frameworks";
				PRODUCT_BUNDLE_IDENTIFIER = "c4q.AC-iOS-MidUnit4Assessment-StudentVersion";
				PRODUCT_NAME = "$(TARGET_NAME)";
				SWIFT_VERSION = 4.0;
				TARGETED_DEVICE_FAMILY = "1,2";
			};
			name = Debug;
		};
		545F2AC41FEC2752007EBECB /* Release */ = {
			isa = XCBuildConfiguration;
			buildSettings = {
				ASSETCATALOG_COMPILER_APPICON_NAME = AppIcon;
				CODE_SIGN_STYLE = Automatic;
				INFOPLIST_FILE = "AC-iOS-MidUnit4Assessment-StudentVersion/Info.plist";
				IPHONEOS_DEPLOYMENT_TARGET = 11.0;
				LD_RUNPATH_SEARCH_PATHS = "$(inherited) @executable_path/Frameworks";
				PRODUCT_BUNDLE_IDENTIFIER = "c4q.AC-iOS-MidUnit4Assessment-StudentVersion";
				PRODUCT_NAME = "$(TARGET_NAME)";
				SWIFT_VERSION = 4.0;
				TARGETED_DEVICE_FAMILY = "1,2";
			};
			name = Release;
		};
/* End XCBuildConfiguration section */

/* Begin XCConfigurationList section */
		545F2AAB1FEC2752007EBECB /* Build configuration list for PBXProject "AC-iOS-MidUnit4Assessment-StudentVersion" */ = {
			isa = XCConfigurationList;
			buildConfigurations = (
				545F2AC01FEC2752007EBECB /* Debug */,
				545F2AC11FEC2752007EBECB /* Release */,
			);
			defaultConfigurationIsVisible = 0;
			defaultConfigurationName = Release;
		};
		545F2AC21FEC2752007EBECB /* Build configuration list for PBXNativeTarget "AC-iOS-MidUnit4Assessment-StudentVersion" */ = {
			isa = XCConfigurationList;
			buildConfigurations = (
				545F2AC31FEC2752007EBECB /* Debug */,
				545F2AC41FEC2752007EBECB /* Release */,
			);
			defaultConfigurationIsVisible = 0;
			defaultConfigurationName = Release;
		};
/* End XCConfigurationList section */
	};
	rootObject = 545F2AA81FEC2752007EBECB /* Project object */;
}
